// !$*UTF8*$!
{
	archiveVersion = 1;
	classes = {
	};
	objectVersion = 77;
	objects = {

/* Begin PBXBuildFile section */
		F29D29112DA18CEB0005321A /* FirebaseAnalytics in Frameworks */ = {isa = PBXBuildFile; productRef = F29D29102DA18CEB0005321A /* FirebaseAnalytics */; };
		F29D29142DA18F580005321A /* FirebaseAuth in Frameworks */ = {isa = PBXBuildFile; productRef = F29D29132DA18F580005321A /* FirebaseAuth */; };
		F29D296A2DA1931C0005321A /* GoogleSignIn in Frameworks */ = {isa = PBXBuildFile; productRef = F29D29692DA1931C0005321A /* GoogleSignIn */; };
		F29D296C2DA1931C0005321A /* GoogleSignInSwift in Frameworks */ = {isa = PBXBuildFile; productRef = F29D296B2DA1931C0005321A /* GoogleSignInSwift */; };
		F29D29B22DA19FDA0005321A /* FirebaseFirestore in Frameworks */ = {isa = PBXBuildFile; productRef = F29D29B12DA19FDA0005321A /* FirebaseFirestore */; };
/* End PBXBuildFile section */

/* Begin PBXContainerItemProxy section */
		F29D28F12DA189C40005321A /* PBXContainerItemProxy */ = {
			isa = PBXContainerItemProxy;
			containerPortal = F29D28D82DA189C20005321A /* Project object */;
			proxyType = 1;
			remoteGlobalIDString = F29D28DF2DA189C30005321A;
			remoteInfo = TheMessageDoor;
		};
		F29D28FB2DA189C40005321A /* PBXContainerItemProxy */ = {
			isa = PBXContainerItemProxy;
			containerPortal = F29D28D82DA189C20005321A /* Project object */;
			proxyType = 1;
			remoteGlobalIDString = F29D28DF2DA189C30005321A;
			remoteInfo = TheMessageDoor;
		};
/* End PBXContainerItemProxy section */

/* Begin PBXFileReference section */
		F29D28E02DA189C30005321A /* TheMessageDoor.app */ = {isa = PBXFileReference; explicitFileType = wrapper.application; includeInIndex = 0; path = TheMessageDoor.app; sourceTree = BUILT_PRODUCTS_DIR; };
		F29D28F02DA189C40005321A /* TheMessageDoorTests.xctest */ = {isa = PBXFileReference; explicitFileType = wrapper.cfbundle; includeInIndex = 0; path = TheMessageDoorTests.xctest; sourceTree = BUILT_PRODUCTS_DIR; };
		F29D28FA2DA189C40005321A /* TheMessageDoorUITests.xctest */ = {isa = PBXFileReference; explicitFileType = wrapper.cfbundle; includeInIndex = 0; path = TheMessageDoorUITests.xctest; sourceTree = BUILT_PRODUCTS_DIR; };
/* End PBXFileReference section */

/* Begin PBXFileSystemSynchronizedBuildFileExceptionSet section */
		F29D296E2DA1937E0005321A /* Exceptions for "TheMessageDoor" folder in "TheMessageDoor" target */ = {
			isa = PBXFileSystemSynchronizedBuildFileExceptionSet;
			membershipExceptions = (
				Info.plist,
			);
			target = F29D28DF2DA189C30005321A /* TheMessageDoor */;
		};
/* End PBXFileSystemSynchronizedBuildFileExceptionSet section */

/* Begin PBXFileSystemSynchronizedRootGroup section */
		F29D28E22DA189C30005321A /* TheMessageDoor */ = {
			isa = PBXFileSystemSynchronizedRootGroup;
			exceptions = (
				F29D296E2DA1937E0005321A /* Exceptions for "TheMessageDoor" folder in "TheMessageDoor" target */,
			);
			path = TheMessageDoor;
			sourceTree = "<group>";
		};
		F29D28F32DA189C40005321A /* TheMessageDoorTests */ = {
			isa = PBXFileSystemSynchronizedRootGroup;
			path = TheMessageDoorTests;
			sourceTree = "<group>";
		};
		F29D28FD2DA189C40005321A /* TheMessageDoorUITests */ = {
			isa = PBXFileSystemSynchronizedRootGroup;
			path = TheMessageDoorUITests;
			sourceTree = "<group>";
		};
/* End PBXFileSystemSynchronizedRootGroup section */

/* Begin PBXFrameworksBuildPhase section */
		F29D28DD2DA189C30005321A /* Frameworks */ = {
			isa = PBXFrameworksBuildPhase;
			buildActionMask = 2147483647;
			files = (
				F29D29112DA18CEB0005321A /* FirebaseAnalytics in Frameworks */,
				F29D29142DA18F580005321A /* FirebaseAuth in Frameworks */,
				F29D296A2DA1931C0005321A /* GoogleSignIn in Frameworks */,
				F29D29B22DA19FDA0005321A /* FirebaseFirestore in Frameworks */,
				F29D296C2DA1931C0005321A /* GoogleSignInSwift in Frameworks */,
			);
			runOnlyForDeploymentPostprocessing = 0;
		};
		F29D28ED2DA189C40005321A /* Frameworks */ = {
			isa = PBXFrameworksBuildPhase;
			buildActionMask = 2147483647;
			files = (
			);
			runOnlyForDeploymentPostprocessing = 0;
		};
		F29D28F72DA189C40005321A /* Frameworks */ = {
			isa = PBXFrameworksBuildPhase;
			buildActionMask = 2147483647;
			files = (
			);
			runOnlyForDeploymentPostprocessing = 0;
		};
/* End PBXFrameworksBuildPhase section */

/* Begin PBXGroup section */
		F29D28D72DA189C20005321A = {
			isa = PBXGroup;
			children = (
				F29D28E22DA189C30005321A /* TheMessageDoor */,
				F29D28F32DA189C40005321A /* TheMessageDoorTests */,
				F29D28FD2DA189C40005321A /* TheMessageDoorUITests */,
				F29D29122DA18F580005321A /* Frameworks */,
				F29D28E12DA189C30005321A /* Products */,
			);
			sourceTree = "<group>";
		};
		F29D28E12DA189C30005321A /* Products */ = {
			isa = PBXGroup;
			children = (
				F29D28E02DA189C30005321A /* TheMessageDoor.app */,
				F29D28F02DA189C40005321A /* TheMessageDoorTests.xctest */,
				F29D28FA2DA189C40005321A /* TheMessageDoorUITests.xctest */,
			);
			name = Products;
			sourceTree = "<group>";
		};
		F29D29122DA18F580005321A /* Frameworks */ = {
			isa = PBXGroup;
			children = (
			);
			name = Frameworks;
			sourceTree = "<group>";
		};
/* End PBXGroup section */

/* Begin PBXNativeTarget section */
		F29D28DF2DA189C30005321A /* TheMessageDoor */ = {
			isa = PBXNativeTarget;
			buildConfigurationList = F29D29042DA189C40005321A /* Build configuration list for PBXNativeTarget "TheMessageDoor" */;
			buildPhases = (
				F29D28DC2DA189C30005321A /* Sources */,
				F29D28DD2DA189C30005321A /* Frameworks */,
				F29D28DE2DA189C30005321A /* Resources */,
			);
			buildRules = (
			);
			dependencies = (
			);
			fileSystemSynchronizedGroups = (
				F29D28E22DA189C30005321A /* TheMessageDoor */,
			);
			name = TheMessageDoor;
			packageProductDependencies = (
				F29D29102DA18CEB0005321A /* FirebaseAnalytics */,
				F29D29132DA18F580005321A /* FirebaseAuth */,
				F29D29692DA1931C0005321A /* GoogleSignIn */,
				F29D296B2DA1931C0005321A /* GoogleSignInSwift */,
				F29D29B12DA19FDA0005321A /* FirebaseFirestore */,
			);
			productName = TheMessageDoor;
			productReference = F29D28E02DA189C30005321A /* TheMessageDoor.app */;
			productType = "com.apple.product-type.application";
		};
		F29D28EF2DA189C40005321A /* TheMessageDoorTests */ = {
			isa = PBXNativeTarget;
			buildConfigurationList = F29D29072DA189C40005321A /* Build configuration list for PBXNativeTarget "TheMessageDoorTests" */;
			buildPhases = (
				F29D28EC2DA189C40005321A /* Sources */,
				F29D28ED2DA189C40005321A /* Frameworks */,
				F29D28EE2DA189C40005321A /* Resources */,
			);
			buildRules = (
			);
			dependencies = (
				F29D28F22DA189C40005321A /* PBXTargetDependency */,
			);
			fileSystemSynchronizedGroups = (
				F29D28F32DA189C40005321A /* TheMessageDoorTests */,
			);
			name = TheMessageDoorTests;
			packageProductDependencies = (
			);
			productName = TheMessageDoorTests;
			productReference = F29D28F02DA189C40005321A /* TheMessageDoorTests.xctest */;
			productType = "com.apple.product-type.bundle.unit-test";
		};
		F29D28F92DA189C40005321A /* TheMessageDoorUITests */ = {
			isa = PBXNativeTarget;
			buildConfigurationList = F29D290A2DA189C40005321A /* Build configuration list for PBXNativeTarget "TheMessageDoorUITests" */;
			buildPhases = (
				F29D28F62DA189C40005321A /* Sources */,
				F29D28F72DA189C40005321A /* Frameworks */,
				F29D28F82DA189C40005321A /* Resources */,
			);
			buildRules = (
			);
			dependencies = (
				F29D28FC2DA189C40005321A /* PBXTargetDependency */,
			);
			fileSystemSynchronizedGroups = (
				F29D28FD2DA189C40005321A /* TheMessageDoorUITests */,
			);
			name = TheMessageDoorUITests;
			packageProductDependencies = (
			);
			productName = TheMessageDoorUITests;
			productReference = F29D28FA2DA189C40005321A /* TheMessageDoorUITests.xctest */;
			productType = "com.apple.product-type.bundle.ui-testing";
		};
/* End PBXNativeTarget section */

/* Begin PBXProject section */
		F29D28D82DA189C20005321A /* Project object */ = {
			isa = PBXProject;
			attributes = {
				BuildIndependentTargetsInParallel = 1;
				LastSwiftUpdateCheck = 1620;
				LastUpgradeCheck = 1620;
				TargetAttributes = {
					F29D28DF2DA189C30005321A = {
						CreatedOnToolsVersion = 16.2;
					};
					F29D28EF2DA189C40005321A = {
						CreatedOnToolsVersion = 16.2;
						TestTargetID = F29D28DF2DA189C30005321A;
					};
					F29D28F92DA189C40005321A = {
						CreatedOnToolsVersion = 16.2;
						TestTargetID = F29D28DF2DA189C30005321A;
					};
				};
			};
			buildConfigurationList = F29D28DB2DA189C20005321A /* Build configuration list for PBXProject "TheMessageDoor" */;
			developmentRegion = en;
			hasScannedForEncodings = 0;
			knownRegions = (
				en,
				Base,
			);
			mainGroup = F29D28D72DA189C20005321A;
			minimizedProjectReferenceProxies = 1;
			packageReferences = (
				F29D290F2DA18CEB0005321A /* XCRemoteSwiftPackageReference "firebase-ios-sdk" */,
				F29D29682DA1931C0005321A /* XCRemoteSwiftPackageReference "GoogleSignIn-iOS" */,
			);
			preferredProjectObjectVersion = 77;
			productRefGroup = F29D28E12DA189C30005321A /* Products */;
			projectDirPath = "";
			projectRoot = "";
			targets = (
				F29D28DF2DA189C30005321A /* TheMessageDoor */,
				F29D28EF2DA189C40005321A /* TheMessageDoorTests */,
				F29D28F92DA189C40005321A /* TheMessageDoorUITests */,
			);
		};
/* End PBXProject section */

/* Begin PBXResourcesBuildPhase section */
		F29D28DE2DA189C30005321A /* Resources */ = {
			isa = PBXResourcesBuildPhase;
			buildActionMask = 2147483647;
			files = (
			);
			runOnlyForDeploymentPostprocessing = 0;
		};
		F29D28EE2DA189C40005321A /* Resources */ = {
			isa = PBXResourcesBuildPhase;
			buildActionMask = 2147483647;
			files = (
			);
			runOnlyForDeploymentPostprocessing = 0;
		};
		F29D28F82DA189C40005321A /* Resources */ = {
			isa = PBXResourcesBuildPhase;
			buildActionMask = 2147483647;
			files = (
			);
			runOnlyForDeploymentPostprocessing = 0;
		};
/* End PBXResourcesBuildPhase section */

/* Begin PBXSourcesBuildPhase section */
		F29D28DC2DA189C30005321A /* Sources */ = {
			isa = PBXSourcesBuildPhase;
			buildActionMask = 2147483647;
			files = (
			);
			runOnlyForDeploymentPostprocessing = 0;
		};
		F29D28EC2DA189C40005321A /* Sources */ = {
			isa = PBXSourcesBuildPhase;
			buildActionMask = 2147483647;
			files = (
			);
			runOnlyForDeploymentPostprocessing = 0;
		};
		F29D28F62DA189C40005321A /* Sources */ = {
			isa = PBXSourcesBuildPhase;
			buildActionMask = 2147483647;
			files = (
			);
			runOnlyForDeploymentPostprocessing = 0;
		};
/* End PBXSourcesBuildPhase section */

/* Begin PBXTargetDependency section */
		F29D28F22DA189C40005321A /* PBXTargetDependency */ = {
			isa = PBXTargetDependency;
			target = F29D28DF2DA189C30005321A /* TheMessageDoor */;
			targetProxy = F29D28F12DA189C40005321A /* PBXContainerItemProxy */;
		};
		F29D28FC2DA189C40005321A /* PBXTargetDependency */ = {
			isa = PBXTargetDependency;
			target = F29D28DF2DA189C30005321A /* TheMessageDoor */;
			targetProxy = F29D28FB2DA189C40005321A /* PBXContainerItemProxy */;
		};
/* End PBXTargetDependency section */

/* Begin XCBuildConfiguration section */
		F29D29022DA189C40005321A /* Debug */ = {
			isa = XCBuildConfiguration;
			buildSettings = {
				ALWAYS_SEARCH_USER_PATHS = NO;
				ASSETCATALOG_COMPILER_GENERATE_SWIFT_ASSET_SYMBOL_EXTENSIONS = YES;
				CLANG_ANALYZER_NONNULL = YES;
				CLANG_ANALYZER_NUMBER_OBJECT_CONVERSION = YES_AGGRESSIVE;
				CLANG_CXX_LANGUAGE_STANDARD = "gnu++20";
				CLANG_ENABLE_MODULES = YES;
				CLANG_ENABLE_OBJC_ARC = YES;
				CLANG_ENABLE_OBJC_WEAK = YES;
				CLANG_WARN_BLOCK_CAPTURE_AUTORELEASING = YES;
				CLANG_WARN_BOOL_CONVERSION = YES;
				CLANG_WARN_COMMA = YES;
				CLANG_WARN_CONSTANT_CONVERSION = YES;
				CLANG_WARN_DEPRECATED_OBJC_IMPLEMENTATIONS = YES;
				CLANG_WARN_DIRECT_OBJC_ISA_USAGE = YES_ERROR;
				CLANG_WARN_DOCUMENTATION_COMMENTS = YES;
				CLANG_WARN_EMPTY_BODY = YES;
				CLANG_WARN_ENUM_CONVERSION = YES;
				CLANG_WARN_INFINITE_RECURSION = YES;
				CLANG_WARN_INT_CONVERSION = YES;
				CLANG_WARN_NON_LITERAL_NULL_CONVERSION = YES;
				CLANG_WARN_OBJC_IMPLICIT_RETAIN_SELF = YES;
				CLANG_WARN_OBJC_LITERAL_CONVERSION = YES;
				CLANG_WARN_OBJC_ROOT_CLASS = YES_ERROR;
				CLANG_WARN_QUOTED_INCLUDE_IN_FRAMEWORK_HEADER = YES;
				CLANG_WARN_RANGE_LOOP_ANALYSIS = YES;
				CLANG_WARN_STRICT_PROTOTYPES = YES;
				CLANG_WARN_SUSPICIOUS_MOVE = YES;
				CLANG_WARN_UNGUARDED_AVAILABILITY = YES_AGGRESSIVE;
				CLANG_WARN_UNREACHABLE_CODE = YES;
				CLANG_WARN__DUPLICATE_METHOD_MATCH = YES;
				COPY_PHASE_STRIP = NO;
				DEBUG_INFORMATION_FORMAT = dwarf;
				ENABLE_STRICT_OBJC_MSGSEND = YES;
				ENABLE_TESTABILITY = YES;
				ENABLE_USER_SCRIPT_SANDBOXING = YES;
				GCC_C_LANGUAGE_STANDARD = gnu17;
				GCC_DYNAMIC_NO_PIC = NO;
				GCC_NO_COMMON_BLOCKS = YES;
				GCC_OPTIMIZATION_LEVEL = 0;
				GCC_PREPROCESSOR_DEFINITIONS = (
					"DEBUG=1",
					"$(inherited)",
				);
				GCC_WARN_64_TO_32_BIT_CONVERSION = YES;
				GCC_WARN_ABOUT_RETURN_TYPE = YES_ERROR;
				GCC_WARN_UNDECLARED_SELECTOR = YES;
				GCC_WARN_UNINITIALIZED_AUTOS = YES_AGGRESSIVE;
				GCC_WARN_UNUSED_FUNCTION = YES;
				GCC_WARN_UNUSED_VARIABLE = YES;
				IPHONEOS_DEPLOYMENT_TARGET = 18.2;
				LOCALIZATION_PREFERS_STRING_CATALOGS = YES;
				MTL_ENABLE_DEBUG_INFO = INCLUDE_SOURCE;
				MTL_FAST_MATH = YES;
				ONLY_ACTIVE_ARCH = YES;
				SDKROOT = iphoneos;
				SWIFT_ACTIVE_COMPILATION_CONDITIONS = "DEBUG $(inherited)";
				SWIFT_OPTIMIZATION_LEVEL = "-Onone";
			};
			name = Debug;
		};
		F29D29032DA189C40005321A /* Release */ = {
			isa = XCBuildConfiguration;
			buildSettings = {
				ALWAYS_SEARCH_USER_PATHS = NO;
				ASSETCATALOG_COMPILER_GENERATE_SWIFT_ASSET_SYMBOL_EXTENSIONS = YES;
				CLANG_ANALYZER_NONNULL = YES;
				CLANG_ANALYZER_NUMBER_OBJECT_CONVERSION = YES_AGGRESSIVE;
				CLANG_CXX_LANGUAGE_STANDARD = "gnu++20";
				CLANG_ENABLE_MODULES = YES;
				CLANG_ENABLE_OBJC_ARC = YES;
				CLANG_ENABLE_OBJC_WEAK = YES;
				CLANG_WARN_BLOCK_CAPTURE_AUTORELEASING = YES;
				CLANG_WARN_BOOL_CONVERSION = YES;
				CLANG_WARN_COMMA = YES;
				CLANG_WARN_CONSTANT_CONVERSION = YES;
				CLANG_WARN_DEPRECATED_OBJC_IMPLEMENTATIONS = YES;
				CLANG_WARN_DIRECT_OBJC_ISA_USAGE = YES_ERROR;
				CLANG_WARN_DOCUMENTATION_COMMENTS = YES;
				CLANG_WARN_EMPTY_BODY = YES;
				CLANG_WARN_ENUM_CONVERSION = YES;
				CLANG_WARN_INFINITE_RECURSION = YES;
				CLANG_WARN_INT_CONVERSION = YES;
				CLANG_WARN_NON_LITERAL_NULL_CONVERSION = YES;
				CLANG_WARN_OBJC_IMPLICIT_RETAIN_SELF = YES;
				CLANG_WARN_OBJC_LITERAL_CONVERSION = YES;
				CLANG_WARN_OBJC_ROOT_CLASS = YES_ERROR;
				CLANG_WARN_QUOTED_INCLUDE_IN_FRAMEWORK_HEADER = YES;
				CLANG_WARN_RANGE_LOOP_ANALYSIS = YES;
				CLANG_WARN_STRICT_PROTOTYPES = YES;
				CLANG_WARN_SUSPICIOUS_MOVE = YES;
				CLANG_WARN_UNGUARDED_AVAILABILITY = YES_AGGRESSIVE;
				CLANG_WARN_UNREACHABLE_CODE = YES;
				CLANG_WARN__DUPLICATE_METHOD_MATCH = YES;
				COPY_PHASE_STRIP = NO;
				DEBUG_INFORMATION_FORMAT = "dwarf-with-dsym";
				ENABLE_NS_ASSERTIONS = NO;
				ENABLE_STRICT_OBJC_MSGSEND = YES;
				ENABLE_USER_SCRIPT_SANDBOXING = YES;
				GCC_C_LANGUAGE_STANDARD = gnu17;
				GCC_NO_COMMON_BLOCKS = YES;
				GCC_WARN_64_TO_32_BIT_CONVERSION = YES;
				GCC_WARN_ABOUT_RETURN_TYPE = YES_ERROR;
				GCC_WARN_UNDECLARED_SELECTOR = YES;
				GCC_WARN_UNINITIALIZED_AUTOS = YES_AGGRESSIVE;
				GCC_WARN_UNUSED_FUNCTION = YES;
				GCC_WARN_UNUSED_VARIABLE = YES;
				IPHONEOS_DEPLOYMENT_TARGET = 18.2;
				LOCALIZATION_PREFERS_STRING_CATALOGS = YES;
				MTL_ENABLE_DEBUG_INFO = NO;
				MTL_FAST_MATH = YES;
				SDKROOT = iphoneos;
				SWIFT_COMPILATION_MODE = wholemodule;
				VALIDATE_PRODUCT = YES;
			};
			name = Release;
		};
		F29D29052DA189C40005321A /* Debug */ = {
			isa = XCBuildConfiguration;
			buildSettings = {
				ASSETCATALOG_COMPILER_APPICON_NAME = AppIcon;
				ASSETCATALOG_COMPILER_GLOBAL_ACCENT_COLOR_NAME = AccentColor;
				CODE_SIGN_ENTITLEMENTS = TheMessageDoor/TheMessageDoor.entitlements;
				CODE_SIGN_STYLE = Automatic;
				CURRENT_PROJECT_VERSION = 1;
				DEVELOPMENT_ASSET_PATHS = "\"TheMessageDoor/Preview Content\"";
				DEVELOPMENT_TEAM = BK4H2K4PYN;
				ENABLE_PREVIEWS = YES;
				GENERATE_INFOPLIST_FILE = YES;
				INFOPLIST_FILE = TheMessageDoor/Info.plist;
				INFOPLIST_KEY_LSApplicationCategoryType = "";
				INFOPLIST_KEY_UIApplicationSceneManifest_Generation = YES;
				INFOPLIST_KEY_UIApplicationSupportsIndirectInputEvents = YES;
				INFOPLIST_KEY_UILaunchScreen_Generation = YES;
				INFOPLIST_KEY_UILaunchStoryboardName = Logo_TMD_large;
				INFOPLIST_KEY_UISupportedInterfaceOrientations_iPad = "UIInterfaceOrientationPortrait UIInterfaceOrientationPortraitUpsideDown UIInterfaceOrientationLandscapeLeft UIInterfaceOrientationLandscapeRight";
				INFOPLIST_KEY_UISupportedInterfaceOrientations_iPhone = "UIInterfaceOrientationPortrait UIInterfaceOrientationLandscapeLeft UIInterfaceOrientationLandscapeRight";
				LD_RUNPATH_SEARCH_PATHS = (
					"$(inherited)",
					"@executable_path/Frameworks",
				);
				MARKETING_VERSION = 1.0;
				PRODUCT_BUNDLE_IDENTIFIER = com.themessagedoor.TheMessageDoor;
				PRODUCT_NAME = "$(TARGET_NAME)";
				SWIFT_EMIT_LOC_STRINGS = YES;
				SWIFT_VERSION = 5.0;
				TARGETED_DEVICE_FAMILY = "1,2";
			};
			name = Debug;
		};
		F29D29062DA189C40005321A /* Release */ = {
			isa = XCBuildConfiguration;
			buildSettings = {
				ASSETCATALOG_COMPILER_APPICON_NAME = AppIcon;
				ASSETCATALOG_COMPILER_GLOBAL_ACCENT_COLOR_NAME = AccentColor;
				CODE_SIGN_ENTITLEMENTS = TheMessageDoor/TheMessageDoor.entitlements;
				CODE_SIGN_STYLE = Automatic;
				CURRENT_PROJECT_VERSION = 1;
				DEVELOPMENT_ASSET_PATHS = "\"TheMessageDoor/Preview Content\"";
				DEVELOPMENT_TEAM = BK4H2K4PYN;
				ENABLE_PREVIEWS = YES;
				GENERATE_INFOPLIST_FILE = YES;
				INFOPLIST_FILE = TheMessageDoor/Info.plist;
				INFOPLIST_KEY_LSApplicationCategoryType = "";
				INFOPLIST_KEY_UIApplicationSceneManifest_Generation = YES;
				INFOPLIST_KEY_UIApplicationSupportsIndirectInputEvents = YES;
				INFOPLIST_KEY_UILaunchScreen_Generation = YES;
				INFOPLIST_KEY_UILaunchStoryboardName = Logo_TMD_large;
				INFOPLIST_KEY_UISupportedInterfaceOrientations_iPad = "UIInterfaceOrientationPortrait UIInterfaceOrientationPortraitUpsideDown UIInterfaceOrientationLandscapeLeft UIInterfaceOrientationLandscapeRight";
				INFOPLIST_KEY_UISupportedInterfaceOrientations_iPhone = "UIInterfaceOrientationPortrait UIInterfaceOrientationLandscapeLeft UIInterfaceOrientationLandscapeRight";
				LD_RUNPATH_SEARCH_PATHS = (
					"$(inherited)",
					"@executable_path/Frameworks",
				);
				MARKETING_VERSION = 1.0;
				PRODUCT_BUNDLE_IDENTIFIER = com.themessagedoor.TheMessageDoor;
				PRODUCT_NAME = "$(TARGET_NAME)";
				SWIFT_EMIT_LOC_STRINGS = YES;
				SWIFT_VERSION = 5.0;
				TARGETED_DEVICE_FAMILY = "1,2";
			};
			name = Release;
		};
		F29D29082DA189C40005321A /* Debug */ = {
			isa = XCBuildConfiguration;
			buildSettings = {
				BUNDLE_LOADER = "$(TEST_HOST)";
				CODE_SIGN_STYLE = Automatic;
				CURRENT_PROJECT_VERSION = 1;
				DEVELOPMENT_TEAM = BK4H2K4PYN;
				GENERATE_INFOPLIST_FILE = YES;
				IPHONEOS_DEPLOYMENT_TARGET = 18.2;
				MARKETING_VERSION = 1.0;
				PRODUCT_BUNDLE_IDENTIFIER = com.themessagedoor.TheMessageDoorTests;
				PRODUCT_NAME = "$(TARGET_NAME)";
				SWIFT_EMIT_LOC_STRINGS = NO;
				SWIFT_VERSION = 5.0;
				TARGETED_DEVICE_FAMILY = "1,2";
				TEST_HOST = "$(BUILT_PRODUCTS_DIR)/TheMessageDoor.app/$(BUNDLE_EXECUTABLE_FOLDER_PATH)/TheMessageDoor";
			};
			name = Debug;
		};
		F29D29092DA189C40005321A /* Release */ = {
			isa = XCBuildConfiguration;
			buildSettings = {
				BUNDLE_LOADER = "$(TEST_HOST)";
				CODE_SIGN_STYLE = Automatic;
				CURRENT_PROJECT_VERSION = 1;
				DEVELOPMENT_TEAM = BK4H2K4PYN;
				GENERATE_INFOPLIST_FILE = YES;
				IPHONEOS_DEPLOYMENT_TARGET = 18.2;
				MARKETING_VERSION = 1.0;
				PRODUCT_BUNDLE_IDENTIFIER = com.themessagedoor.TheMessageDoorTests;
				PRODUCT_NAME = "$(TARGET_NAME)";
				SWIFT_EMIT_LOC_STRINGS = NO;
				SWIFT_VERSION = 5.0;
				TARGETED_DEVICE_FAMILY = "1,2";
				TEST_HOST = "$(BUILT_PRODUCTS_DIR)/TheMessageDoor.app/$(BUNDLE_EXECUTABLE_FOLDER_PATH)/TheMessageDoor";
			};
			name = Release;
		};
		F29D290B2DA189C40005321A /* Debug */ = {
			isa = XCBuildConfiguration;
			buildSettings = {
				CODE_SIGN_STYLE = Automatic;
				CURRENT_PROJECT_VERSION = 1;
				DEVELOPMENT_TEAM = BK4H2K4PYN;
				GENERATE_INFOPLIST_FILE = YES;
				MARKETING_VERSION = 1.0;
				PRODUCT_BUNDLE_IDENTIFIER = com.themessagedoor.TheMessageDoorUITests;
				PRODUCT_NAME = "$(TARGET_NAME)";
				SWIFT_EMIT_LOC_STRINGS = NO;
				SWIFT_VERSION = 5.0;
				TARGETED_DEVICE_FAMILY = "1,2";
				TEST_TARGET_NAME = TheMessageDoor;
			};
			name = Debug;
		};
		F29D290C2DA189C40005321A /* Release */ = {
			isa = XCBuildConfiguration;
			buildSettings = {
				CODE_SIGN_STYLE = Automatic;
				CURRENT_PROJECT_VERSION = 1;
				DEVELOPMENT_TEAM = BK4H2K4PYN;
				GENERATE_INFOPLIST_FILE = YES;
				MARKETING_VERSION = 1.0;
				PRODUCT_BUNDLE_IDENTIFIER = com.themessagedoor.TheMessageDoorUITests;
				PRODUCT_NAME = "$(TARGET_NAME)";
				SWIFT_EMIT_LOC_STRINGS = NO;
				SWIFT_VERSION = 5.0;
				TARGETED_DEVICE_FAMILY = "1,2";
				TEST_TARGET_NAME = TheMessageDoor;
			};
			name = Release;
		};
/* End XCBuildConfiguration section */

/* Begin XCConfigurationList section */
		F29D28DB2DA189C20005321A /* Build configuration list for PBXProject "TheMessageDoor" */ = {
			isa = XCConfigurationList;
			buildConfigurations = (
				F29D29022DA189C40005321A /* Debug */,
				F29D29032DA189C40005321A /* Release */,
			);
			defaultConfigurationIsVisible = 0;
			defaultConfigurationName = Release;
		};
		F29D29042DA189C40005321A /* Build configuration list for PBXNativeTarget "TheMessageDoor" */ = {
			isa = XCConfigurationList;
			buildConfigurations = (
				F29D29052DA189C40005321A /* Debug */,
				F29D29062DA189C40005321A /* Release */,
			);
			defaultConfigurationIsVisible = 0;
			defaultConfigurationName = Release;
		};
		F29D29072DA189C40005321A /* Build configuration list for PBXNativeTarget "TheMessageDoorTests" */ = {
			isa = XCConfigurationList;
			buildConfigurations = (
				F29D29082DA189C40005321A /* Debug */,
				F29D29092DA189C40005321A /* Release */,
			);
			defaultConfigurationIsVisible = 0;
			defaultConfigurationName = Release;
		};
		F29D290A2DA189C40005321A /* Build configuration list for PBXNativeTarget "TheMessageDoorUITests" */ = {
			isa = XCConfigurationList;
			buildConfigurations = (
				F29D290B2DA189C40005321A /* Debug */,
				F29D290C2DA189C40005321A /* Release */,
			);
			defaultConfigurationIsVisible = 0;
			defaultConfigurationName = Release;
		};
/* End XCConfigurationList section */

/* Begin XCRemoteSwiftPackageReference section */
		F29D290F2DA18CEB0005321A /* XCRemoteSwiftPackageReference "firebase-ios-sdk" */ = {
			isa = XCRemoteSwiftPackageReference;
			repositoryURL = "https://github.com/firebase/firebase-ios-sdk.git";
			requirement = {
				kind = upToNextMajorVersion;
				minimumVersion = 11.11.0;
			};
		};
		F29D29682DA1931C0005321A /* XCRemoteSwiftPackageReference "GoogleSignIn-iOS" */ = {
			isa = XCRemoteSwiftPackageReference;
			repositoryURL = "https://github.com/google/GoogleSignIn-iOS.git";
			requirement = {
				kind = upToNextMajorVersion;
				minimumVersion = 8.0.0;
			};
		};
/* End XCRemoteSwiftPackageReference section */

/* Begin XCSwiftPackageProductDependency section */
		F29D29102DA18CEB0005321A /* FirebaseAnalytics */ = {
			isa = XCSwiftPackageProductDependency;
			package = F29D290F2DA18CEB0005321A /* XCRemoteSwiftPackageReference "firebase-ios-sdk" */;
			productName = FirebaseAnalytics;
		};
		F29D29132DA18F580005321A /* FirebaseAuth */ = {
			isa = XCSwiftPackageProductDependency;
			package = F29D290F2DA18CEB0005321A /* XCRemoteSwiftPackageReference "firebase-ios-sdk" */;
			productName = FirebaseAuth;
		};
		F29D29692DA1931C0005321A /* GoogleSignIn */ = {
			isa = XCSwiftPackageProductDependency;
			package = F29D29682DA1931C0005321A /* XCRemoteSwiftPackageReference "GoogleSignIn-iOS" */;
			productName = GoogleSignIn;
		};
		F29D296B2DA1931C0005321A /* GoogleSignInSwift */ = {
			isa = XCSwiftPackageProductDependency;
			package = F29D29682DA1931C0005321A /* XCRemoteSwiftPackageReference "GoogleSignIn-iOS" */;
			productName = GoogleSignInSwift;
		};
		F29D29B12DA19FDA0005321A /* FirebaseFirestore */ = {
			isa = XCSwiftPackageProductDependency;
			package = F29D290F2DA18CEB0005321A /* XCRemoteSwiftPackageReference "firebase-ios-sdk" */;
			productName = FirebaseFirestore;
		};
/* End XCSwiftPackageProductDependency section */
	};
	rootObject = F29D28D82DA189C20005321A /* Project object */;
}
